
Microsoft Visual Studio Solution File, Format Version 12.00
# Visual Studio Version 17
VisualStudioVersion = 17.1.32407.343
MinimumVisualStudioVersion = 10.0.40219.1
Project("{9A19103F-16F7-4668-BE54-9A1E7A4F7556}") = "2-CriandoVariaveis", "2-CriandoVariaveis.csproj", "{AA6EB19F-58A7-4583-BADB-FEA58CB182F1}"
EndProject
Project("{9A19103F-16F7-4668-BE54-9A1E7A4F7556}") = "5-CaracteresEhTestos", "..\5-CaracteresEhTestos\5-CaracteresEhTestos.csproj", "{7CF1AC87-A5D9-4236-B6B2-8CB29CEC8826}"
EndProject
Project("{9A19103F-16F7-4668-BE54-9A1E7A4F7556}") = "6-AtribuicoesDeVariaveis", "..\6-AtribuicoesDeVariaveis\6-AtribuicoesDeVariaveis.csproj", "{918AB106-B7F4-413F-8CBC-615B69A1C8CA}"
EndProject
Project("{9A19103F-16F7-4668-BE54-9A1E7A4F7556}") = "7-Condicionais", "..\7-Condicionais\7-Condicionais.csproj", "{51AAFB38-682D-40D2-8964-DAD951E2F088}"
EndProject
Project("{9A19103F-16F7-4668-BE54-9A1E7A4F7556}") = "8-Condicionais2", "..\8-Condicionais2\8-Condicionais2.csproj", "{513A4BAA-3774-49A9-A554-DE348BFF12A3}"
EndProject
Project("{9A19103F-16F7-4668-BE54-9A1E7A4F7556}") = "9-Escopo", "..\9-Escopo\9-Escopo.csproj", "{DFD1A27A-2972-450C-A6F5-A4F80A651246}"
EndProject
Project("{9A19103F-16F7-4668-BE54-9A1E7A4F7556}") = "3-CriandoVariaveisPontoFlutuante", "..\3-CriandoVariaveisPontoFlutuante\3-CriandoVariaveisPontoFlutuante.csproj", "{0EE28342-DF50-45C3-A8A9-9FFD257C8F62}"
EndProject
Project("{9A19103F-16F7-4668-BE54-9A1E7A4F7556}") = "4-ConversaoDeTiposNumericos", "..\4-ConversaoDeTiposNumericos\4-ConversaoDeTiposNumericos.csproj", "{C840C56F-F93A-488F-AAD6-5B072143978F}"
EndProject
Project("{9A19103F-16F7-4668-BE54-9A1E7A4F7556}") = "p10-CalculaPoupanca", "..\p10-CalculaPoupanca\p10-CalculaPoupanca.csproj", "{9E282BF7-6319-4EF5-9D02-4AE892D125A3}"
EndProject
Project("{9A19103F-16F7-4668-BE54-9A1E7A4F7556}") = "p11-For", "..\p11-For\p11-For.csproj", "{6A91431B-CF3F-46A3-9D5E-878A42E8E8C3}"
EndProject
Project("{9A19103F-16F7-4668-BE54-9A1E7A4F7556}") = "p12-CalculaRendimentoLongoPrazo", "..\p12-CalculaRendimentoLongoPrazo\p12-CalculaRendimentoLongoPrazo.csproj", "{D79CDCA4-9688-468D-B0B8-F29BA3EF54AB}"
EndProject
Project("{FAE04EC0-301F-11D3-BF4B-00C04F79EFBC}") = "p13-ForEncadeados", "..\p13-ForEncadeados\p13-ForEncadeados.csproj", "{3864CF34-C567-4094-B59D-EA248219BD12}"
EndProject
Global
	GlobalSection(SolutionConfigurationPlatforms) = preSolution
		Debug|Any CPU = Debug|Any CPU
		Release|Any CPU = Release|Any CPU
	EndGlobalSection
	GlobalSection(ProjectConfigurationPlatforms) = postSolution
		{AA6EB19F-58A7-4583-BADB-FEA58CB182F1}.Debug|Any CPU.ActiveCfg = Debug|Any CPU
		{AA6EB19F-58A7-4583-BADB-FEA58CB182F1}.Debug|Any CPU.Build.0 = Debug|Any CPU
		{AA6EB19F-58A7-4583-BADB-FEA58CB182F1}.Release|Any CPU.ActiveCfg = Release|Any CPU
		{AA6EB19F-58A7-4583-BADB-FEA58CB182F1}.Release|Any CPU.Build.0 = Release|Any CPU
		{7CF1AC87-A5D9-4236-B6B2-8CB29CEC8826}.Debug|Any CPU.ActiveCfg = Debug|Any CPU
		{7CF1AC87-A5D9-4236-B6B2-8CB29CEC8826}.Debug|Any CPU.Build.0 = Debug|Any CPU
		{7CF1AC87-A5D9-4236-B6B2-8CB29CEC8826}.Release|Any CPU.ActiveCfg = Release|Any CPU
		{7CF1AC87-A5D9-4236-B6B2-8CB29CEC8826}.Release|Any CPU.Build.0 = Release|Any CPU
		{918AB106-B7F4-413F-8CBC-615B69A1C8CA}.Debug|Any CPU.ActiveCfg = Debug|Any CPU
		{918AB106-B7F4-413F-8CBC-615B69A1C8CA}.Debug|Any CPU.Build.0 = Debug|Any CPU
		{918AB106-B7F4-413F-8CBC-615B69A1C8CA}.Release|Any CPU.ActiveCfg = Release|Any CPU
		{918AB106-B7F4-413F-8CBC-615B69A1C8CA}.Release|Any CPU.Build.0 = Release|Any CPU
		{51AAFB38-682D-40D2-8964-DAD951E2F088}.Debug|Any CPU.ActiveCfg = Debug|Any CPU
		{51AAFB38-682D-40D2-8964-DAD951E2F088}.Debug|Any CPU.Build.0 = Debug|Any CPU
		{51AAFB38-682D-40D2-8964-DAD951E2F088}.Release|Any CPU.ActiveCfg = Release|Any CPU
		{51AAFB38-682D-40D2-8964-DAD951E2F088}.Release|Any CPU.Build.0 = Release|Any CPU
		{513A4BAA-3774-49A9-A554-DE348BFF12A3}.Debug|Any CPU.ActiveCfg = Debug|Any CPU
		{513A4BAA-3774-49A9-A554-DE348BFF12A3}.Debug|Any CPU.Build.0 = Debug|Any CPU
		{513A4BAA-3774-49A9-A554-DE348BFF12A3}.Release|Any CPU.ActiveCfg = Release|Any CPU
		{513A4BAA-3774-49A9-A554-DE348BFF12A3}.Release|Any CPU.Build.0 = Release|Any CPU
		{DFD1A27A-2972-450C-A6F5-A4F80A651246}.Debug|Any CPU.ActiveCfg = Debug|Any CPU
		{DFD1A27A-2972-450C-A6F5-A4F80A651246}.Debug|Any CPU.Build.0 = Debug|Any CPU
		{DFD1A27A-2972-450C-A6F5-A4F80A651246}.Release|Any CPU.ActiveCfg = Release|Any CPU
		{DFD1A27A-2972-450C-A6F5-A4F80A651246}.Release|Any CPU.Build.0 = Release|Any CPU
		{0EE28342-DF50-45C3-A8A9-9FFD257C8F62}.Debug|Any CPU.ActiveCfg = Debug|Any CPU
		{0EE28342-DF50-45C3-A8A9-9FFD257C8F62}.Debug|Any CPU.Build.0 = Debug|Any CPU
		{0EE28342-DF50-45C3-A8A9-9FFD257C8F62}.Release|Any CPU.ActiveCfg = Release|Any CPU
		{0EE28342-DF50-45C3-A8A9-9FFD257C8F62}.Release|Any CPU.Build.0 = Release|Any CPU
		{C840C56F-F93A-488F-AAD6-5B072143978F}.Debug|Any CPU.ActiveCfg = Debug|Any CPU
		{C840C56F-F93A-488F-AAD6-5B072143978F}.Debug|Any CPU.Build.0 = Debug|Any CPU
		{C840C56F-F93A-488F-AAD6-5B072143978F}.Release|Any CPU.ActiveCfg = Release|Any CPU
		{C840C56F-F93A-488F-AAD6-5B072143978F}.Release|Any CPU.Build.0 = Release|Any CPU
		{9E282BF7-6319-4EF5-9D02-4AE892D125A3}.Debug|Any CPU.ActiveCfg = Debug|Any CPU
		{9E282BF7-6319-4EF5-9D02-4AE892D125A3}.Debug|Any CPU.Build.0 = Debug|Any CPU
		{9E282BF7-6319-4EF5-9D02-4AE892D125A3}.Release|Any CPU.ActiveCfg = Release|Any CPU
		{9E282BF7-6319-4EF5-9D02-4AE892D125A3}.Release|Any CPU.Build.0 = Release|Any CPU
		{6A91431B-CF3F-46A3-9D5E-878A42E8E8C3}.Debug|Any CPU.ActiveCfg = Debug|Any CPU
		{6A91431B-CF3F-46A3-9D5E-878A42E8E8C3}.Debug|Any CPU.Build.0 = Debug|Any CPU
		{6A91431B-CF3F-46A3-9D5E-878A42E8E8C3}.Release|Any CPU.ActiveCfg = Release|Any CPU
		{6A91431B-CF3F-46A3-9D5E-878A42E8E8C3}.Release|Any CPU.Build.0 = Release|Any CPU
		{D79CDCA4-9688-468D-B0B8-F29BA3EF54AB}.Debug|Any CPU.ActiveCfg = Debug|Any CPU
		{D79CDCA4-9688-468D-B0B8-F29BA3EF54AB}.Debug|Any CPU.Build.0 = Debug|Any CPU
		{D79CDCA4-9688-468D-B0B8-F29BA3EF54AB}.Release|Any CPU.ActiveCfg = Release|Any CPU
		{D79CDCA4-9688-468D-B0B8-F29BA3EF54AB}.Release|Any CPU.Build.0 = Release|Any CPU
		{3864CF34-C567-4094-B59D-EA248219BD12}.Debug|Any CPU.ActiveCfg = Debug|Any CPU
		{3864CF34-C567-4094-B59D-EA248219BD12}.Debug|Any CPU.Build.0 = Debug|Any CPU
		{3864CF34-C567-4094-B59D-EA248219BD12}.Release|Any CPU.ActiveCfg = Release|Any CPU
		{3864CF34-C567-4094-B59D-EA248219BD12}.Release|Any CPU.Build.0 = Release|Any CPU
	EndGlobalSection
	GlobalSection(SolutionProperties) = preSolution
		HideSolutionNode = FALSE
	EndGlobalSection
	GlobalSection(ExtensibilityGlobals) = postSolution
		SolutionGuid = {5C001F92-DAA5-44B4-861C-DFF7C4489CC0}
	EndGlobalSection
EndGlobal
